PODS:
  - Capacitor (7.4.2):
    - CapacitorCordova
  - CapacitorCordova (7.4.2)
  - CapacitorDevice (7.0.2):
    - Capacitor
  - CapacitorLocalNotifications (7.0.2):
    - Capacitor
  - CapacitorPushNotifications (7.0.2):
    - Capacitor
  - CapacitorSplashScreen (7.0.2):
    - Capacitor

DEPENDENCIES:
  - "Capacitor (from `../../node_modules/@capacitor/ios`)"
  - "CapacitorCordova (from `../../node_modules/@capacitor/ios`)"
  - "CapacitorDevice (from `../../node_modules/@capacitor/device`)"
  - "CapacitorLocalNotifications (from `../../node_modules/@capacitor/local-notifications`)"
  - "CapacitorPushNotifications (from `../../node_modules/@capacitor/push-notifications`)"
  - "CapacitorSplashScreen (from `../../node_modules/@capacitor/splash-screen`)"

EXTERNAL SOURCES:
  Capacitor:
    :path: "../../node_modules/@capacitor/ios"
  CapacitorCordova:
    :path: "../../node_modules/@capacitor/ios"
  CapacitorDevice:
    :path: "../../node_modules/@capacitor/device"
  CapacitorLocalNotifications:
    :path: "../../node_modules/@capacitor/local-notifications"
  CapacitorPushNotifications:
    :path: "../../node_modules/@capacitor/push-notifications"
  CapacitorSplashScreen:
    :path: "../../node_modules/@capacitor/splash-screen"

SPEC CHECKSUMS:
  Capacitor: 156d98aba46ec01dde72c4bbb92fa626837cad29
  CapacitorCordova: 5e58d04631bc5094894ac106e2bf1da18a9e6151
  CapacitorDevice: a50a45f0d075e55e2392c7a4be5404d4f69515de
  CapacitorLocalNotifications: 0964df8c14ec51aadf2bb4fd6d55fdb1ccfd6721
  CapacitorPushNotifications: 6ffcf5df95f17d71a1b02893549bc4727f80540c
  CapacitorSplashScreen: 8d6c8cb0542a8e81585c593815db8785ed8ce454

PODFILE CHECKSUM: 5cb695ab7ed68ff9b89ea0933275191c83be965d

COCOAPODS: 1.15.2
